Microsoft Visual Studio Solution File, Format Version 12.00
# Visual Studio 2012
Project("{FAE04EC0-301F-11D3-BF4B-00C04F79EFBC}") = "Switchboard Copper", "Switchboard Copper.csproj", "{AA3EA6E2-FC8C-4C67-ACB4-64D3FEE5610B}"
EndProject
Global
	GlobalSection(SolutionConfigurationPlatforms) = preSolution
	Debug|Any CPU = Debug|Any CPU
	Release|Any CPU = Release|Any CPU
	Tools|Any CPU = Tools|Any CPU
	EndGlobalSection
	GlobalSection(ProjectConfigurationPlatforms) = postSolution
		{AA3EA6E2-FC8C-4C67-ACB4-64D3FEE5610B}.Debug|Any CPU.ActiveCfg = Debug|Any CPU
		{AA3EA6E2-FC8C-4C67-ACB4-64D3FEE5610B}.Debug|Any CPU.Build.0 = Debug|Any CPU
		{AA3EA6E2-FC8C-4C67-ACB4-64D3FEE5610B}.Release|Any CPU.ActiveCfg = Release|Any CPU
		{AA3EA6E2-FC8C-4C67-ACB4-64D3FEE5610B}.Release|Any CPU.Build.0 = Release|Any CPU
		{AA3EA6E2-FC8C-4C67-ACB4-64D3FEE5610B}.Tools|Any CPU.ActiveCfg = Tools|Any CPU
		{AA3EA6E2-FC8C-4C67-ACB4-64D3FEE5610B}.Tools|Any CPU.Build.0 = Tools|Any CPU
	EndGlobalSection
EndGlobal
